# THIS IS AN AUTOGENERATED FILE. DO NOT EDIT THIS FILE DIRECTLY.
# yarn lockfile v1


"@babel/parser@^7.16.4":
  version "7.21.2"
  resolved "https://registry.yarnpkg.com/@babel/parser/-/parser-7.21.2.tgz#dacafadfc6d7654c3051a66d6fe55b6cb2f2a0b3"
  integrity sha512-URpaIJQwEkEC2T9Kn+Ai6Xe/02iNaVCuT/PtoRz3GPVJVDpPd7mLo+VddTbhCRU9TXqW5mSrQfXZyi8kDKOVpQ==

"@babel/runtime@^7.13.10":
  version "7.21.0"
  resolved "https://registry.yarnpkg.com/@babel/runtime/-/runtime-7.21.0.tgz#5b55c9d394e5fcf304909a8b00c07dc217b56673"
  integrity sha512-xwII0//EObnq89Ji5AKYQaRYiW/nZ3llSv29d49IuxPhKbtJoLP+9QUUZ4nVragQVtaVGeZrpB+ZtG/Pdy/POw==
  dependencies:
    regenerator-runtime "^0.13.11"

"@linaria/core@3.0.0-beta.13":
  version "3.0.0-beta.13"
  resolved "https://registry.yarnpkg.com/@linaria/core/-/core-3.0.0-beta.13.tgz#049c5be5faa67e341e413a0f6b641d5d78d91056"
  integrity sha512-3zEi5plBCOsEzUneRVuQb+2SAx3qaC1dj0FfFAI6zIJQoDWu0dlSwKijMRack7oO9tUWrchfj3OkKQAd1LBdVg==

"@popperjs/core@^2.9.0":
  version "2.11.6"
  resolved "https://registry.yarnpkg.com/@popperjs/core/-/core-2.11.6.tgz#cee20bd55e68a1720bdab363ecf0c821ded4cd45"
  integrity sha512-50/17A98tWUfQ176raKiOGXuYpLyyVMkxxG6oylzL3BPOlA6ADGdK7EYunSa4I064xerltq9TGXs8HmOk5E+vw==

"@remirror/core-constants@^2.0.0":
  version "2.0.0"
  resolved "https://registry.yarnpkg.com/@remirror/core-constants/-/core-constants-2.0.0.tgz#a52f89059d93955e00810023cc76b4f7db9650bf"
  integrity sha512-vpePPMecHJllBqCWXl6+FIcZqS+tRUM2kSCCKFeEo1H3XUEv3ocijBIPhnlSAa7g6maX+12ATTgxrOsLpWVr2g==
  dependencies:
    "@babel/runtime" "^7.13.10"

"@remirror/core-helpers@^2.0.1":
  version "2.0.1"
  resolved "https://registry.yarnpkg.com/@remirror/core-helpers/-/core-helpers-2.0.1.tgz#6847666a009ada8c9b9f3a093c13a6d07a95d9bb"
  integrity sha512-s8M1pn33aBUhduvD1QR02uUQMegnFkGaTr4c1iBzxTTyg0rbQstzuQ7Q8TkL6n64JtgCdJS9jLz2dONb2meBKQ==
  dependencies:
    "@babel/runtime" "^7.13.10"
    "@linaria/core" "3.0.0-beta.13"
    "@remirror/core-constants" "^2.0.0"
    "@remirror/types" "^1.0.0"
    "@types/object.omit" "^3.0.0"
    "@types/object.pick" "^1.3.1"
    "@types/throttle-debounce" "^2.1.0"
    case-anything "^2.1.10"
    dash-get "^1.0.2"
    deepmerge "^4.2.2"
    fast-deep-equal "^3.1.3"
    make-error "^1.3.6"
    object.omit "^3.0.0"
    object.pick "^1.3.0"
    throttle-debounce "^3.0.1"

"@remirror/types@^1.0.0":
  version "1.0.0"
  resolved "https://registry.yarnpkg.com/@remirror/types/-/types-1.0.0.tgz#cc8764440089a2ada71f149c409739575b73b12e"
  integrity sha512-7HQbW7k8VxrAtfzs9FxwO6XSDabn8tSFDi1wwzShOnU+cvaYpfxu0ygyTk3TpXsag1hgFKY3ZIlAfB4WVz2LkQ==
  dependencies:
    type-fest "^2.0.0"

"@tiptap/core@^2.0.0-beta.220":
  version "2.0.0-beta.220"
  resolved "https://registry.yarnpkg.com/@tiptap/core/-/core-2.0.0-beta.220.tgz#ced4b8f13ad6361f957275510bd0c005de29d18c"
  integrity sha512-F2Q666xJqijBU5o+GqekqseNgIEMTs6BhsLDaf9DwThhljGLS8RXKnSvQxrxLNrYEPpw39n/G3Qt8YAOk5qR6w==

"@tiptap/extension-bubble-menu@^2.0.0-beta.220":
  version "2.0.0-beta.220"
  resolved "https://registry.yarnpkg.com/@tiptap/extension-bubble-menu/-/extension-bubble-menu-2.0.0-beta.220.tgz#3fea0c846f73a237f562fdce05671ef1fa025943"
  integrity sha512-wthyec7s0vZlTSEAAZEgoFfx/1Arwg1zxDUrrE+YAost/Yn+w4xQksz/ts5Bx90iOk2qsJ+jzzttLRV17Ku7lA==
  dependencies:
    lodash "^4.17.21"
    tippy.js "^6.3.7"

"@tiptap/extension-document@^2.0.0-beta.220":
  version "2.0.0-beta.220"
  resolved "https://registry.yarnpkg.com/@tiptap/extension-document/-/extension-document-2.0.0-beta.220.tgz#15b4db7a92659eff7efc6d4d877dcf72e3fd61b6"
  integrity sha512-2sja4ZvOb4iynHrzinnclCSFgLyo6fJc1fBV5fIYaOgZOYcvz9KK8fgKiq+wIpG58sJEmQ5kcwwBlkXv+NTK+g==

"@tiptap/extension-floating-menu@^2.0.0-beta.220":
  version "2.0.0-beta.220"
  resolved "https://registry.yarnpkg.com/@tiptap/extension-floating-menu/-/extension-floating-menu-2.0.0-beta.220.tgz#35eb154227533ada738c922be2f8cf18426fe4bf"
  integrity sha512-+WfcBEedm82ntaVIEQAGz0Om96Rpav7a+4f7e8N4PrLKm6nZ3gBaEkZVQ6vjJ6S/1htiWCv1XosYIwRboPBG0w==
  dependencies:
    tippy.js "^6.3.7"

"@tiptap/extension-heading@^2.0.0-beta.220":
  version "2.0.0-beta.220"
  resolved "https://registry.yarnpkg.com/@tiptap/extension-heading/-/extension-heading-2.0.0-beta.220.tgz#b4889de7b3f152ff88a119d6cb6a22537eff73a2"
  integrity sha512-7mrHRj++UaZ26C2Gjwb0WKWAzpiKb8TOYkVC2uMaCwaNhLDXpFEwZ7RtJRSTNBHkIGnMO46BH8Z0qlkFMmk9Jw==

"@tiptap/extension-paragraph@^2.0.0-beta.220":
  version "2.0.0-beta.220"
  resolved "https://registry.yarnpkg.com/@tiptap/extension-paragraph/-/extension-paragraph-2.0.0-beta.220.tgz#d552dfdeeab9856e9eb8f0a7cf850f37d7cced69"
  integrity sha512-ZGCzNGFYV4wa3l1nXtDIaYp7O6f0DrGTSl3alKkDTQe3SOmzXS2HjgWl9yPw8VXpU9W5mMGhXd+nGn/jUk+f/A==

"@tiptap/extension-placeholder@^2.0.0-beta.220":
  version "2.0.0-beta.220"
  resolved "https://registry.yarnpkg.com/@tiptap/extension-placeholder/-/extension-placeholder-2.0.0-beta.220.tgz#1d6057e5ae950d9a1ed43c03d26df60c08368f87"
  integrity sha512-Pq79BH/JqhjTNgxHkmbzcmwATsSJdRRSLHrnLx5upSmwEkQwCzqni9jL10rL2NM1ZyR+o25xC+r5loujx0aQ+Q==

"@tiptap/extension-text@^2.0.0-beta.220":
  version "2.0.0-beta.220"
  resolved "https://registry.yarnpkg.com/@tiptap/extension-text/-/extension-text-2.0.0-beta.220.tgz#3f51d4aac11c16d79cf8ca22502898b67f5bc2f5"
  integrity sha512-3tnffc2YMjNyv7Lbad6fx9wYDE/Buz8vhx76M2AOSrjYbzmTJf7mLkgdlPM0VTy7FGZD5CGgHJAgYNt5HIqPkQ==

"@tiptap/extension-typography@^2.0.0-beta.220":
  version "2.0.0-beta.220"
  resolved "https://registry.yarnpkg.com/@tiptap/extension-typography/-/extension-typography-2.0.0-beta.220.tgz#9d2a6e4c3299d6238c8e12b3b9722ba7a8007982"
  integrity sha512-MsQ5WFPUzoC/l8kxnUEYc2dR2eWgve0Ga8+qAJ/s0CLcf7UYGGoFGGobSYwjk++fgNUJMPKEvTpZU2eqjTYAPA==

"@tiptap/pm@^2.0.0-beta.220":
  version "2.0.0-beta.220"
  resolved "https://registry.yarnpkg.com/@tiptap/pm/-/pm-2.0.0-beta.220.tgz#04e4c98e4d042ea8d67148ec6676f7078c6bac5a"
  integrity sha512-O9mGcmwUpEr630HY9RylIyZJKnpXi3xWINWNiAEfRJ1br5j5pHRoVRJQ1HzU+6+Z+i/8qp3zRHGLTBqihaZETA==
  dependencies:
    prosemirror-changeset "^2.2.0"
    prosemirror-collab "^1.3.0"
    prosemirror-commands "^1.3.1"
    prosemirror-dropcursor "^1.5.0"
    prosemirror-gapcursor "^1.3.1"
    prosemirror-history "^1.3.0"
    prosemirror-inputrules "^1.2.0"
    prosemirror-keymap "^1.2.0"
    prosemirror-markdown "^1.10.1"
    prosemirror-menu "^1.2.1"
    prosemirror-model "^1.18.1"
    prosemirror-schema-basic "^1.2.0"
    prosemirror-schema-list "^1.2.2"
    prosemirror-state "^1.4.1"
    prosemirror-tables "^1.3.0"
    prosemirror-trailing-node "^2.0.2"
    prosemirror-transform "^1.7.0"
    prosemirror-view "^1.28.2"

"@tiptap/vue-3@^2.0.0-beta.220":
  version "2.0.0-beta.220"
  resolved "https://registry.yarnpkg.com/@tiptap/vue-3/-/vue-3-2.0.0-beta.220.tgz#69f772f6b58734dc3dec09ac3793fa3a895336b9"
  integrity sha512-rhSKUECLE6NOjTYZHheXAGpyIqruhxkU/9YfWNLWNFIHHW9wHO+t/B3XMJAWBwgkUvRRepU5JmBBIfYd8RgqTA==
  dependencies:
    "@tiptap/extension-bubble-menu" "^2.0.0-beta.220"
    "@tiptap/extension-floating-menu" "^2.0.0-beta.220"

"@types/object.omit@^3.0.0":
  version "3.0.0"
  resolved "https://registry.yarnpkg.com/@types/object.omit/-/object.omit-3.0.0.tgz#0d31e1208eac8fe2ad5c9499a1016a8273bbfafc"
  integrity sha512-I27IoPpH250TUzc9FzXd0P1BV/BMJuzqD3jOz98ehf9dQqGkxlq+hO1bIqZGWqCg5bVOy0g4AUVJtnxe0klDmw==

"@types/object.pick@^1.3.1":
  version "1.3.2"
  resolved "https://registry.yarnpkg.com/@types/object.pick/-/object.pick-1.3.2.tgz#9eb28118240ad8f658b9c9c6caf35359fdb37150"
  integrity sha512-sn7L+qQ6RLPdXRoiaE7bZ/Ek+o4uICma/lBFPyJEKDTPTBP1W8u0c4baj3EiS4DiqLs+Hk+KUGvMVJtAw3ePJg==

"@types/throttle-debounce@^2.1.0":
  version "2.1.0"
  resolved "https://registry.yarnpkg.com/@types/throttle-debounce/-/throttle-debounce-2.1.0.tgz#1c3df624bfc4b62f992d3012b84c56d41eab3776"
  integrity sha512-5eQEtSCoESnh2FsiLTxE121IiE60hnMqcb435fShf4bpLRjEu1Eoekht23y6zXS9Ts3l+Szu3TARnTsA0GkOkQ==

"@types/web-bluetooth@^0.0.16":
  version "0.0.16"
  resolved "https://registry.yarnpkg.com/@types/web-bluetooth/-/web-bluetooth-0.0.16.tgz#1d12873a8e49567371f2a75fe3e7f7edca6662d8"
  integrity sha512-oh8q2Zc32S6gd/j50GowEjKLoOVOwHP/bWVjKJInBwQqdOYMdPrf1oVlelTlyfFK3CKxL1uahMDAr+vy8T7yMQ==

"@vue/compiler-core@3.2.47":
  version "3.2.47"
  resolved "https://registry.yarnpkg.com/@vue/compiler-core/-/compiler-core-3.2.47.tgz#3e07c684d74897ac9aa5922c520741f3029267f8"
  integrity sha512-p4D7FDnQb7+YJmO2iPEv0SQNeNzcbHdGByJDsT4lynf63AFkOTFN07HsiRSvjGo0QrxR/o3d0hUyNCUnBU2Tig==
  dependencies:
    "@babel/parser" "^7.16.4"
    "@vue/shared" "3.2.47"
    estree-walker "^2.0.2"
    source-map "^0.6.1"

"@vue/compiler-dom@3.2.47":
  version "3.2.47"
  resolved "https://registry.yarnpkg.com/@vue/compiler-dom/-/compiler-dom-3.2.47.tgz#a0b06caf7ef7056939e563dcaa9cbde30794f305"
  integrity sha512-dBBnEHEPoftUiS03a4ggEig74J2YBZ2UIeyfpcRM2tavgMWo4bsEfgCGsu+uJIL/vax9S+JztH8NmQerUo7shQ==
  dependencies:
    "@vue/compiler-core" "3.2.47"
    "@vue/shared" "3.2.47"

"@vue/compiler-sfc@3.2.47":
  version "3.2.47"
  resolved "https://registry.yarnpkg.com/@vue/compiler-sfc/-/compiler-sfc-3.2.47.tgz#1bdc36f6cdc1643f72e2c397eb1a398f5004ad3d"
  integrity sha512-rog05W+2IFfxjMcFw10tM9+f7i/+FFpZJJ5XHX72NP9eC2uRD+42M3pYcQqDXVYoj74kHMSEdQ/WmCjt8JFksQ==
  dependencies:
    "@babel/parser" "^7.16.4"
    "@vue/compiler-core" "3.2.47"
    "@vue/compiler-dom" "3.2.47"
    "@vue/compiler-ssr" "3.2.47"
    "@vue/reactivity-transform" "3.2.47"
    "@vue/shared" "3.2.47"
    estree-walker "^2.0.2"
    magic-string "^0.25.7"
    postcss "^8.1.10"
    source-map "^0.6.1"

"@vue/compiler-ssr@3.2.47":
  version "3.2.47"
  resolved "https://registry.yarnpkg.com/@vue/compiler-ssr/-/compiler-ssr-3.2.47.tgz#35872c01a273aac4d6070ab9d8da918ab13057ee"
  integrity sha512-wVXC+gszhulcMD8wpxMsqSOpvDZ6xKXSVWkf50Guf/S+28hTAXPDYRTbLQ3EDkOP5Xz/+SY37YiwDquKbJOgZw==
  dependencies:
    "@vue/compiler-dom" "3.2.47"
    "@vue/shared" "3.2.47"

"@vue/reactivity-transform@3.2.47":
  version "3.2.47"
  resolved "https://registry.yarnpkg.com/@vue/reactivity-transform/-/reactivity-transform-3.2.47.tgz#e45df4d06370f8abf29081a16afd25cffba6d84e"
  integrity sha512-m8lGXw8rdnPVVIdIFhf0LeQ/ixyHkH5plYuS83yop5n7ggVJU+z5v0zecwEnX7fa7HNLBhh2qngJJkxpwEEmYA==
  dependencies:
    "@babel/parser" "^7.16.4"
    "@vue/compiler-core" "3.2.47"
    "@vue/shared" "3.2.47"
    estree-walker "^2.0.2"
    magic-string "^0.25.7"

"@vue/reactivity@3.2.47":
  version "3.2.47"
  resolved "https://registry.yarnpkg.com/@vue/reactivity/-/reactivity-3.2.47.tgz#1d6399074eadfc3ed35c727e2fd707d6881140b6"
  integrity sha512-7khqQ/75oyyg+N/e+iwV6lpy1f5wq759NdlS1fpAhFXa8VeAIKGgk2E/C4VF59lx5b+Ezs5fpp/5WsRYXQiKxQ==
  dependencies:
    "@vue/shared" "3.2.47"

"@vue/runtime-core@3.2.47":
  version "3.2.47"
  resolved "https://registry.yarnpkg.com/@vue/runtime-core/-/runtime-core-3.2.47.tgz#406ebade3d5551c00fc6409bbc1eeb10f32e121d"
  integrity sha512-RZxbLQIRB/K0ev0K9FXhNbBzT32H9iRtYbaXb0ZIz2usLms/D55dJR2t6cIEUn6vyhS3ALNvNthI+Q95C+NOpA==
  dependencies:
    "@vue/reactivity" "3.2.47"
    "@vue/shared" "3.2.47"

"@vue/runtime-dom@3.2.47":
  version "3.2.47"
  resolved "https://registry.yarnpkg.com/@vue/runtime-dom/-/runtime-dom-3.2.47.tgz#93e760eeaeab84dedfb7c3eaf3ed58d776299382"
  integrity sha512-ArXrFTjS6TsDei4qwNvgrdmHtD930KgSKGhS5M+j8QxXrDJYLqYw4RRcDy1bz1m1wMmb6j+zGLifdVHtkXA7gA==
  dependencies:
    "@vue/runtime-core" "3.2.47"
    "@vue/shared" "3.2.47"
    csstype "^2.6.8"

"@vue/server-renderer@3.2.47":
  version "3.2.47"
  resolved "https://registry.yarnpkg.com/@vue/server-renderer/-/server-renderer-3.2.47.tgz#8aa1d1871fc4eb5a7851aa7f741f8f700e6de3c0"
  integrity sha512-dN9gc1i8EvmP9RCzvneONXsKfBRgqFeFZLurmHOveL7oH6HiFXJw5OGu294n1nHc/HMgTy6LulU/tv5/A7f/LA==
  dependencies:
    "@vue/compiler-ssr" "3.2.47"
    "@vue/shared" "3.2.47"

"@vue/shared@3.2.47":
  version "3.2.47"
  resolved "https://registry.yarnpkg.com/@vue/shared/-/shared-3.2.47.tgz#e597ef75086c6e896ff5478a6bfc0a7aa4bbd14c"
  integrity sha512-BHGyyGN3Q97EZx0taMQ+OLNuZcW3d37ZEVmEAyeoA9ERdGvm9Irc/0Fua8SNyOtV1w6BS4q25wbMzJujO9HIfQ==

"@vueuse/core@10.0.0-beta.0":
  version "10.0.0-beta.0"
  resolved "https://registry.yarnpkg.com/@vueuse/core/-/core-10.0.0-beta.0.tgz#2a560e442791146d1bf9e998be6998828f05c8e5"
  integrity sha512-vvl/UqN74rKcbobsCA/zXTigaxQIZV0ceZsG7DokSzp8MGC9a6JqYIp/ObVcb2k1OsXwuljtRb71J2eTOa21qA==
  dependencies:
    "@types/web-bluetooth" "^0.0.16"
    "@vueuse/metadata" "10.0.0-beta.0"
    "@vueuse/shared" "10.0.0-beta.0"
    vue-demi "*"

"@vueuse/metadata@10.0.0-beta.0":
  version "10.0.0-beta.0"
  resolved "https://registry.yarnpkg.com/@vueuse/metadata/-/metadata-10.0.0-beta.0.tgz#4e8002314da08968e17d423b4405adf52fed2b11"
  integrity sha512-n60qpVAiqxchTglK/3Hx5e/FTorpS+N6XxcVB/enF0DpIEguEeAAP+NYY0uoCRdznZ9Zjl4DCpKxPFDWQvrnoA==

"@vueuse/shared@10.0.0-beta.0":
  version "10.0.0-beta.0"
  resolved "https://registry.yarnpkg.com/@vueuse/shared/-/shared-10.0.0-beta.0.tgz#732fe6cc3597a461af4c66d998ab9f5fce83588f"
  integrity sha512-GhnEjm/G38dYRj4HpHlkdS3l/6OXZtQlI3nvoguBrxXb2UhrEs8FYcKK+mgBIckS+rLe6MZcY1c5/uTcpwUSRA==
  dependencies:
    vue-demi "*"

argparse@^2.0.1:
  version "2.0.1"
  resolved "https://registry.yarnpkg.com/argparse/-/argparse-2.0.1.tgz#246f50f3ca78a3240f6c997e8a9bd1eac49e4b38"
  integrity sha512-8+9WqebbFzpX9OR+Wa6O29asIogeRMzcGtAINdpMHHyAg10f05aSFVBbcEqGf/PXw1EjAZ+q2/bEBg3DvurK3Q==

case-anything@^2.1.10:
  version "2.1.10"
  resolved "https://registry.yarnpkg.com/case-anything/-/case-anything-2.1.10.tgz#d18a6ca968d54ec3421df71e3e190f3bced23410"
  integrity sha512-JczJwVrCP0jPKh05McyVsuOg6AYosrB9XWZKbQzXeDAm2ClE/PJE/BcrrQrVyGYH7Jg8V/LDupmyL4kFlVsVFQ==

crelt@^1.0.0:
  version "1.0.5"
  resolved "https://registry.yarnpkg.com/crelt/-/crelt-1.0.5.tgz#57c0d52af8c859e354bace1883eb2e1eb182bb94"
  integrity sha512-+BO9wPPi+DWTDcNYhr/W90myha8ptzftZT+LwcmUbbok0rcP/fequmFYCw8NMoH7pkAZQzU78b3kYrlua5a9eA==

csstype@^2.6.8:
  version "2.6.21"
  resolved "https://registry.yarnpkg.com/csstype/-/csstype-2.6.21.tgz#2efb85b7cc55c80017c66a5ad7cbd931fda3a90e"
  integrity sha512-Z1PhmomIfypOpoMjRQB70jfvy/wxT50qW08YXO5lMIJkrdq4yOTR+AW7FqutScmB9NkLwxo+jU+kZLbofZZq/w==

dash-get@^1.0.2:
  version "1.0.2"
  resolved "https://registry.yarnpkg.com/dash-get/-/dash-get-1.0.2.tgz#4c9e9ad5ef04c4bf9d3c9a451f6f7997298dcc7c"
  integrity sha512-4FbVrHDwfOASx7uQVxeiCTo7ggSdYZbqs8lH+WU6ViypPlDbe9y6IP5VVUDQBv9DcnyaiPT5XT0UWHgJ64zLeQ==

deepmerge@^4.2.2:
  version "4.3.0"
  resolved "https://registry.yarnpkg.com/deepmerge/-/deepmerge-4.3.0.tgz#65491893ec47756d44719ae520e0e2609233b59b"
  integrity sha512-z2wJZXrmeHdvYJp/Ux55wIjqo81G5Bp4c+oELTW+7ar6SogWHajt5a9gO3s3IDaGSAXjDk0vlQKN3rms8ab3og==

entities@~3.0.1:
  version "3.0.1"
  resolved "https://registry.yarnpkg.com/entities/-/entities-3.0.1.tgz#2b887ca62585e96db3903482d336c1006c3001d4"
  integrity sha512-WiyBqoomrwMdFG1e0kqvASYfnlb0lp8M5o5Fw2OFq1hNZxxcNk8Ik0Xm7LxzBhuidnZB/UtBqVCgUz3kBOP51Q==

escape-string-regexp@^4.0.0:
  version "4.0.0"
  resolved "https://registry.yarnpkg.com/escape-string-regexp/-/escape-string-regexp-4.0.0.tgz#14ba83a5d373e3d311e5afca29cf5bfad965bf34"
  integrity sha512-TtpcNJ3XAzx3Gq8sWRzJaVajRs0uVxA2YAkdb1jm2YkPz4G6egUFAyA3n5vtEIZefPk5Wa4UXbKuS5fKkJWdgA==

estree-walker@^2.0.2:
  version "2.0.2"
  resolved "https://registry.yarnpkg.com/estree-walker/-/estree-walker-2.0.2.tgz#52f010178c2a4c117a7757cfe942adb7d2da4cac"
  integrity sha512-Rfkk/Mp/DL7JVje3u18FxFujQlTNR2q6QfMSMB7AvCBx91NGj/ba3kCfza0f6dVDbw7YlRf/nDrn7pQrCCyQ/w==

fast-deep-equal@^3.1.3:
  version "3.1.3"
  resolved "https://registry.yarnpkg.com/fast-deep-equal/-/fast-deep-equal-3.1.3.tgz#3a7d56b559d6cbc3eb512325244e619a65c6c525"
  integrity sha512-f3qQ9oQy9j2AhBe/H9VC91wLmKBCCU/gDOnKNAYG5hswO7BLKj09Hc5HYNz9cGI++xlpDCIgDaitVs03ATR84Q==

is-extendable@^1.0.0:
  version "1.0.1"
  resolved "https://registry.yarnpkg.com/is-extendable/-/is-extendable-1.0.1.tgz#a7470f9e426733d81bd81e1155264e3a3507cab4"
  integrity sha512-arnXMxT1hhoKo9k1LZdmlNyJdDDfy2v0fXjFlmok4+i8ul/6WlbVge9bhM74OpNPQPMGUToDtz+KXa1PneJxOA==
  dependencies:
    is-plain-object "^2.0.4"

is-plain-object@^2.0.4:
  version "2.0.4"
  resolved "https://registry.yarnpkg.com/is-plain-object/-/is-plain-object-2.0.4.tgz#2c163b3fafb1b606d9d17928f05c2a1c38e07677"
  integrity sha512-h5PpgXkWitc38BBMYawTYMWJHFZJVnBquFE57xFpjB8pJFiF6gZ+bU+WyI/yqXiFR5mdLsgYNaPe8uao6Uv9Og==
  dependencies:
    isobject "^3.0.1"

isobject@^3.0.1:
  version "3.0.1"
  resolved "https://registry.yarnpkg.com/isobject/-/isobject-3.0.1.tgz#4e431e92b11a9731636aa1f9c8d1ccbcfdab78df"
  integrity sha512-WhB9zCku7EGTj/HQQRz5aUQEUeoQZH2bWcltRErOpymJ4boYE6wL9Tbr23krRPSZ+C5zqNSrSw+Cc7sZZ4b7vg==

linkify-it@^4.0.1:
  version "4.0.1"
  resolved "https://registry.yarnpkg.com/linkify-it/-/linkify-it-4.0.1.tgz#01f1d5e508190d06669982ba31a7d9f56a5751ec"
  integrity sha512-C7bfi1UZmoj8+PQx22XyeXCuBlokoyWQL5pWSP+EI6nzRylyThouddufc2c1NDIcP9k5agmN9fLpA7VNJfIiqw==
  dependencies:
    uc.micro "^1.0.1"

lodash@^4.17.21:
  version "4.17.21"
  resolved "https://registry.yarnpkg.com/lodash/-/lodash-4.17.21.tgz#679591c564c3bffaae8454cf0b3df370c3d6911c"
  integrity sha512-v2kDEe57lecTulaDIuNTPy3Ry4gLGJ6Z1O3vE1krgXZNrsQ+LFTGHVxVjcXPs17LhbZVGedAJv8XZ1tvj5FvSg==

magic-string@^0.25.7:
  version "0.25.9"
  resolved "https://registry.yarnpkg.com/magic-string/-/magic-string-0.25.9.tgz#de7f9faf91ef8a1c91d02c2e5314c8277dbcdd1c"
  integrity sha512-RmF0AsMzgt25qzqqLc1+MbHmhdx0ojF2Fvs4XnOqz2ZOBXzzkEwc/dJQZCYHAn7v1jbVOjAZfK8msRn4BxO4VQ==
  dependencies:
    sourcemap-codec "^1.4.8"

make-error@^1.3.6:
  version "1.3.6"
  resolved "https://registry.yarnpkg.com/make-error/-/make-error-1.3.6.tgz#2eb2e37ea9b67c4891f684a1394799af484cf7a2"
  integrity sha512-s8UhlNe7vPKomQhC1qFelMokr/Sc3AgNbso3n74mVPA5LTZwkB9NlXf4XPamLxJE8h0gh73rM94xvwRT2CVInw==

markdown-it@^13.0.1:
  version "13.0.1"
  resolved "https://registry.yarnpkg.com/markdown-it/-/markdown-it-13.0.1.tgz#c6ecc431cacf1a5da531423fc6a42807814af430"
  integrity sha512-lTlxriVoy2criHP0JKRhO2VDG9c2ypWCsT237eDiLqi09rmbKoUetyGHq2uOIRoRS//kfoJckS0eUzzkDR+k2Q==
  dependencies:
    argparse "^2.0.1"
    entities "~3.0.1"
    linkify-it "^4.0.1"
    mdurl "^1.0.1"
    uc.micro "^1.0.5"

mdurl@^1.0.1:
  version "1.0.1"
  resolved "https://registry.yarnpkg.com/mdurl/-/mdurl-1.0.1.tgz#fe85b2ec75a59037f2adfec100fd6c601761152e"
  integrity sha512-/sKlQJCBYVY9Ers9hqzKou4H6V5UWc/M59TH2dvkt+84itfnq7uFOMLpOiOS4ujvHP4etln18fmIxA5R5fll0g==

nanoid@^3.3.4:
  version "3.3.4"
  resolved "https://registry.yarnpkg.com/nanoid/-/nanoid-3.3.4.tgz#730b67e3cd09e2deacf03c027c81c9d9dbc5e8ab"
  integrity sha512-MqBkQh/OHTS2egovRtLk45wEyNXwF+cokD+1YPf9u5VfJiRdAiRwB2froX5Co9Rh20xs4siNPm8naNotSD6RBw==

object.omit@^3.0.0:
  version "3.0.0"
  resolved "https://registry.yarnpkg.com/object.omit/-/object.omit-3.0.0.tgz#0e3edc2fce2ba54df5577ff529f6d97bd8a522af"
  integrity sha512-EO+BCv6LJfu+gBIF3ggLicFebFLN5zqzz/WWJlMFfkMyGth+oBkhxzDl0wx2W4GkLzuQs/FsSkXZb2IMWQqmBQ==
  dependencies:
    is-extendable "^1.0.0"

object.pick@^1.3.0:
  version "1.3.0"
  resolved "https://registry.yarnpkg.com/object.pick/-/object.pick-1.3.0.tgz#87a10ac4c1694bd2e1cbf53591a66141fb5dd747"
  integrity sha512-tqa/UMy/CCoYmj+H5qc07qvSL9dqcs/WZENZ1JbtWBlATP+iVOe778gE6MSijnyCnORzDuX6hU+LA4SZ09YjFQ==
  dependencies:
    isobject "^3.0.1"

orderedmap@^2.0.0:
  version "2.1.0"
  resolved "https://registry.yarnpkg.com/orderedmap/-/orderedmap-2.1.0.tgz#819457082fa3a06abd316d83a281a1ca467437cd"
  integrity sha512-/pIFexOm6S70EPdznemIz3BQZoJ4VTFrhqzu0ACBqBgeLsLxq8e6Jim63ImIfwW/zAD1AlXpRMlOv3aghmo4dA==

picocolors@^1.0.0:
  version "1.0.0"
  resolved "https://registry.yarnpkg.com/picocolors/-/picocolors-1.0.0.tgz#cb5bdc74ff3f51892236eaf79d68bc44564ab81c"
  integrity sha512-1fygroTLlHu66zi26VoTDv8yRgm0Fccecssto+MhsZ0D/DGW2sm8E8AjW7NU5VVTRt5GxbeZ5qBuJr+HyLYkjQ==

postcss@^8.1.10:
  version "8.4.21"
  resolved "https://registry.yarnpkg.com/postcss/-/postcss-8.4.21.tgz#c639b719a57efc3187b13a1d765675485f4134f4"
  integrity sha512-tP7u/Sn/dVxK2NnruI4H9BG+x+Wxz6oeZ1cJ8P6G/PZY0IKk4k/63TDsQf2kQq3+qoJeLm2kIBUNlZe3zgb4Zg==
  dependencies:
    nanoid "^3.3.4"
    picocolors "^1.0.0"
    source-map-js "^1.0.2"

prosemirror-changeset@^2.2.0:
  version "2.2.0"
  resolved "https://registry.yarnpkg.com/prosemirror-changeset/-/prosemirror-changeset-2.2.0.tgz#22c05da271a118be40d3e339fa2cace789b1254b"
  integrity sha512-QM7ohGtkpVpwVGmFb8wqVhaz9+6IUXcIQBGZ81YNAKYuHiFJ1ShvSzab4pKqTinJhwciZbrtBEk/2WsqSt2PYg==
  dependencies:
    prosemirror-transform "^1.0.0"

prosemirror-collab@^1.3.0:
  version "1.3.0"
  resolved "https://registry.yarnpkg.com/prosemirror-collab/-/prosemirror-collab-1.3.0.tgz#601d33473bf72e6c43041a54b860c84c60b37769"
  integrity sha512-+S/IJ69G2cUu2IM5b3PBekuxs94HO1CxJIWOFrLQXUaUDKL/JfBx+QcH31ldBlBXyDEUl+k3Vltfi1E1MKp2mA==
  dependencies:
    prosemirror-state "^1.0.0"

prosemirror-commands@^1.0.0, prosemirror-commands@^1.3.1:
  version "1.5.1"
  resolved "https://registry.yarnpkg.com/prosemirror-commands/-/prosemirror-commands-1.5.1.tgz#89ddfa14e144dcc7fb0938aa0e2568c7fdde306f"
  integrity sha512-ga1ga/RkbzxfAvb6iEXYmrEpekn5NCwTb8w1dr/gmhSoaGcQ0VPuCzOn5qDEpC45ql2oDkKoKQbRxLJwKLpMTQ==
  dependencies:
    prosemirror-model "^1.0.0"
    prosemirror-state "^1.0.0"
    prosemirror-transform "^1.0.0"

prosemirror-dropcursor@^1.5.0:
  version "1.7.1"
  resolved "https://registry.yarnpkg.com/prosemirror-dropcursor/-/prosemirror-dropcursor-1.7.1.tgz#b6921ef866ca95b6f6c8b197767f60dc39598416"
  integrity sha512-GmWk9bAwhfHwA8xmJhBFjPcebxUG9zAPYtqpIr7NTDigWZZEJCgUYyUQeqgyscLr8ZHoh9aeprX9kW7BihUT+w==
  dependencies:
    prosemirror-state "^1.0.0"
    prosemirror-transform "^1.1.0"
    prosemirror-view "^1.1.0"

prosemirror-gapcursor@^1.3.1:
  version "1.3.1"
  resolved "https://registry.yarnpkg.com/prosemirror-gapcursor/-/prosemirror-gapcursor-1.3.1.tgz#8cfd874592e4504d63720e14ed680c7866e64554"
  integrity sha512-GKTeE7ZoMsx5uVfc51/ouwMFPq0o8YrZ7Hx4jTF4EeGbXxBveUV8CGv46mSHuBBeXGmvu50guoV2kSnOeZZnUA==
  dependencies:
    prosemirror-keymap "^1.0.0"
    prosemirror-model "^1.0.0"
    prosemirror-state "^1.0.0"
    prosemirror-view "^1.0.0"

prosemirror-history@^1.0.0, prosemirror-history@^1.3.0:
  version "1.3.0"
  resolved "https://registry.yarnpkg.com/prosemirror-history/-/prosemirror-history-1.3.0.tgz#bf5a1ff7759aca759ddf0c722c2fa5b14fb0ddc1"
  integrity sha512-qo/9Wn4B/Bq89/YD+eNWFbAytu6dmIM85EhID+fz9Jcl9+DfGEo8TTSrRhP15+fFEoaPqpHSxlvSzSEbmlxlUA==
  dependencies:
    prosemirror-state "^1.2.2"
    prosemirror-transform "^1.0.0"
    rope-sequence "^1.3.0"

prosemirror-inputrules@^1.2.0:
  version "1.2.0"
  resolved "https://registry.yarnpkg.com/prosemirror-inputrules/-/prosemirror-inputrules-1.2.0.tgz#476dde2dc244050b3aca00cf58a82adfad6749e7"
  integrity sha512-eAW/M/NTSSzpCOxfR8Abw6OagdG0MiDAiWHQMQveIsZtoKVYzm0AflSPq/ymqJd56/Su1YPbwy9lM13wgHOFmQ==
  dependencies:
    prosemirror-state "^1.0.0"
    prosemirror-transform "^1.0.0"

prosemirror-keymap@^1.0.0, prosemirror-keymap@^1.1.2, prosemirror-keymap@^1.2.0:
  version "1.2.1"
  resolved "https://registry.yarnpkg.com/prosemirror-keymap/-/prosemirror-keymap-1.2.1.tgz#3839e7db66cecddae7451f4246e73bdd8489be1d"
  integrity sha512-kVK6WGC+83LZwuSJnuCb9PsADQnFZllt94qPP3Rx/vLcOUV65+IbBeH2nS5cFggPyEVJhGkGrgYFRrG250WhHQ==
  dependencies:
    prosemirror-state "^1.0.0"
    w3c-keyname "^2.2.0"

prosemirror-markdown@^1.10.1:
  version "1.10.1"
  resolved "https://registry.yarnpkg.com/prosemirror-markdown/-/prosemirror-markdown-1.10.1.tgz#e20468201cda1916a6182686159398b242bb78ab"
  integrity sha512-s7iaTLiX+qO5z8kF2NcMmy2T7mIlxzkS4Sp3vTKSYChPtbMpg6YxFkU0Y06rUg2WtKlvBu7v1bXzlGBkfjUWAA==
  dependencies:
    markdown-it "^13.0.1"
    prosemirror-model "^1.0.0"

prosemirror-menu@^1.2.1:
  version "1.2.1"
  resolved "https://registry.yarnpkg.com/prosemirror-menu/-/prosemirror-menu-1.2.1.tgz#94d99a8547b7ba5680c20e9c497ce19846ce3b2c"
  integrity sha512-sBirXxVfHalZO4f1ZS63WzewINK4182+7dOmoMeBkqYO8wqMBvBS7wQuwVOHnkMWPEh0+N0LJ856KYUN+vFkmQ==
  dependencies:
    crelt "^1.0.0"
    prosemirror-commands "^1.0.0"
    prosemirror-history "^1.0.0"
    prosemirror-state "^1.0.0"

prosemirror-model@^1.0.0, prosemirror-model@^1.16.0, prosemirror-model@^1.18.1, prosemirror-model@^1.19.0, prosemirror-model@^1.8.1:
  version "1.19.0"
  resolved "https://registry.yarnpkg.com/prosemirror-model/-/prosemirror-model-1.19.0.tgz#d7ad9a65ada0bb12196f64fe0dd4fc392c841c29"
  integrity sha512-/CvFGJnwc41EJSfDkQLly1cAJJJmBpZwwUJtwZPTjY2RqZJfM8HVbCreOY/jti8wTRbVyjagcylyGoeJH/g/3w==
  dependencies:
    orderedmap "^2.0.0"

prosemirror-schema-basic@^1.2.0:
  version "1.2.1"
  resolved "https://registry.yarnpkg.com/prosemirror-schema-basic/-/prosemirror-schema-basic-1.2.1.tgz#a5a137a6399d1a829873332117d2fe8131d291d0"
  integrity sha512-vYBdIHsYKSDIqYmPBC7lnwk9DsKn8PnVqK97pMYP5MLEDFqWIX75JiaJTzndBii4bRuNqhC2UfDOfM3FKhlBHg==
  dependencies:
    prosemirror-model "^1.19.0"

prosemirror-schema-list@^1.2.2:
  version "1.2.2"
  resolved "https://registry.yarnpkg.com/prosemirror-schema-list/-/prosemirror-schema-list-1.2.2.tgz#bafda37b72367d39accdcaf6ddf8fb654a16e8e5"
  integrity sha512-rd0pqSDp86p0MUMKG903g3I9VmElFkQpkZ2iOd3EOVg1vo5Cst51rAsoE+5IPy0LPXq64eGcCYlW1+JPNxOj2w==
  dependencies:
    prosemirror-model "^1.0.0"
    prosemirror-state "^1.0.0"
    prosemirror-transform "^1.0.0"

prosemirror-state@^1.0.0, prosemirror-state@^1.2.2, prosemirror-state@^1.3.1, prosemirror-state@^1.4.1:
  version "1.4.2"
  resolved "https://registry.yarnpkg.com/prosemirror-state/-/prosemirror-state-1.4.2.tgz#f93bd8a33a4454efab917ba9b738259d828db7e5"
  integrity sha512-puuzLD2mz/oTdfgd8msFbe0A42j5eNudKAAPDB0+QJRw8cO1ygjLmhLrg9RvDpf87Dkd6D4t93qdef00KKNacQ==
  dependencies:
    prosemirror-model "^1.0.0"
    prosemirror-transform "^1.0.0"
    prosemirror-view "^1.27.0"

prosemirror-tables@^1.3.0:
  version "1.3.2"
  resolved "https://registry.yarnpkg.com/prosemirror-tables/-/prosemirror-tables-1.3.2.tgz#ca208c6a55d510af14b652d23e800e00ba6bebd4"
  integrity sha512-/9JTeN6s58Zq66HXaxP6uf8PAmc7XXKZFPlOGVtLvxEd6xBP6WtzaJB9wBjiGUzwbdhdMEy7V62yuHqk/3VrnQ==
  dependencies:
    prosemirror-keymap "^1.1.2"
    prosemirror-model "^1.8.1"
    prosemirror-state "^1.3.1"
    prosemirror-transform "^1.2.1"
    prosemirror-view "^1.13.3"

prosemirror-trailing-node@^2.0.2:
  version "2.0.3"
  resolved "https://registry.yarnpkg.com/prosemirror-trailing-node/-/prosemirror-trailing-node-2.0.3.tgz#213fc0e545a434ff3c37b5218a0de69561bf3892"
  integrity sha512-lGrjMrn97KWkjQSW/FjdvnhJmqFACmQIyr6lKYApvHitDnKsCoZz6XzrHB7RZYHni/0NxQmZ01p/2vyK2SkvaA==
  dependencies:
    "@babel/runtime" "^7.13.10"
    "@remirror/core-constants" "^2.0.0"
    "@remirror/core-helpers" "^2.0.1"
    escape-string-regexp "^4.0.0"

prosemirror-transform@^1.0.0, prosemirror-transform@^1.1.0, prosemirror-transform@^1.2.1, prosemirror-transform@^1.7.0:
  version "1.7.1"
  resolved "https://registry.yarnpkg.com/prosemirror-transform/-/prosemirror-transform-1.7.1.tgz#b516e818c3add0bdf960f4ca8ccb9d057a3ba21b"
  integrity sha512-VteoifAfpt46z0yEt6Fc73A5OID9t/y2QIeR5MgxEwTuitadEunD/V0c9jQW8ziT8pbFM54uTzRLJ/nLuQjMxg==
  dependencies:
    prosemirror-model "^1.0.0"

prosemirror-view@^1.0.0, prosemirror-view@^1.1.0, prosemirror-view@^1.13.3, prosemirror-view@^1.27.0, prosemirror-view@^1.28.2:
  version "1.30.1"
  resolved "https://registry.yarnpkg.com/prosemirror-view/-/prosemirror-view-1.30.1.tgz#7cf0ae8dc8553a02c32961e82eca25079c4d8fc9"
  integrity sha512-pZUfr7lICJkEY7XwzldAKrkflZDeIvnbfuu2RIS01N5NwJmR/dfZzDzJRzhb3SM2QtT/bM8b4Nnib8X3MGpAhA==
  dependencies:
    prosemirror-model "^1.16.0"
    prosemirror-state "^1.0.0"
    prosemirror-transform "^1.1.0"

regenerator-runtime@^0.13.11:
  version "0.13.11"
  resolved "https://registry.yarnpkg.com/regenerator-runtime/-/regenerator-runtime-0.13.11.tgz#f6dca3e7ceec20590d07ada785636a90cdca17f9"
  integrity sha512-kY1AZVr2Ra+t+piVaJ4gxaFaReZVH40AKNo7UCX6W+dEwBo/2oZJzqfuN1qLq1oL45o56cPaTXELwrTh8Fpggg==

rope-sequence@^1.3.0:
  version "1.3.3"
  resolved "https://registry.yarnpkg.com/rope-sequence/-/rope-sequence-1.3.3.tgz#3f67fc106288b84b71532b4a5fd9d4881e4457f0"
  integrity sha512-85aZYCxweiD5J8yTEbw+E6A27zSnLPNDL0WfPdw3YYodq7WjnTKo0q4dtyQ2gz23iPT8Q9CUyJtAaUNcTxRf5Q==

source-map-js@^1.0.2:
  version "1.0.2"
  resolved "https://registry.yarnpkg.com/source-map-js/-/source-map-js-1.0.2.tgz#adbc361d9c62df380125e7f161f71c826f1e490c"
  integrity sha512-R0XvVJ9WusLiqTCEiGCmICCMplcCkIwwR11mOSD9CR5u+IXYdiseeEuXCVAjS54zqwkLcPNnmU4OeJ6tUrWhDw==

source-map@^0.6.1:
  version "0.6.1"
  resolved "https://registry.yarnpkg.com/source-map/-/source-map-0.6.1.tgz#74722af32e9614e9c287a8d0bbde48b5e2f1a263"
  integrity sha512-UjgapumWlbMhkBgzT7Ykc5YXUT46F0iKu8SGXq0bcwP5dz/h0Plj6enJqjz1Zbq2l5WaqYnrVbwWOWMyF3F47g==

sourcemap-codec@^1.4.8:
  version "1.4.8"
  resolved "https://registry.yarnpkg.com/sourcemap-codec/-/sourcemap-codec-1.4.8.tgz#ea804bd94857402e6992d05a38ef1ae35a9ab4c4"
  integrity sha512-9NykojV5Uih4lgo5So5dtw+f0JgJX30KCNI8gwhz2J9A15wD0Ml6tjHKwf6fTSa6fAdVBdZeNOs9eJ71qCk8vA==

throttle-debounce@^3.0.1:
  version "3.0.1"
  resolved "https://registry.yarnpkg.com/throttle-debounce/-/throttle-debounce-3.0.1.tgz#32f94d84dfa894f786c9a1f290e7a645b6a19abb"
  integrity sha512-dTEWWNu6JmeVXY0ZYoPuH5cRIwc0MeGbJwah9KUNYSJwommQpCzTySTpEe8Gs1J23aeWEuAobe4Ag7EHVt/LOg==

tippy.js@^6.3.7:
  version "6.3.7"
  resolved "https://registry.yarnpkg.com/tippy.js/-/tippy.js-6.3.7.tgz#8ccfb651d642010ed9a32ff29b0e9e19c5b8c61c"
  integrity sha512-E1d3oP2emgJ9dRQZdf3Kkn0qJgI6ZLpyS5z6ZkY1DF3kaQaBsGZsndEpHwx+eC+tYM41HaSNvNtLx8tU57FzTQ==
  dependencies:
    "@popperjs/core" "^2.9.0"

type-fest@^2.0.0:
  version "2.19.0"
  resolved "https://registry.yarnpkg.com/type-fest/-/type-fest-2.19.0.tgz#88068015bb33036a598b952e55e9311a60fd3a9b"
  integrity sha512-RAH822pAdBgcNMAfWnCBU3CFZcfZ/i1eZjwFU/dsLKumyuuP3niueg2UAukXYF0E2AAoc82ZSSf9J0WQBinzHA==

uc.micro@^1.0.1, uc.micro@^1.0.5:
  version "1.0.6"
  resolved "https://registry.yarnpkg.com/uc.micro/-/uc.micro-1.0.6.tgz#9c411a802a409a91fc6cf74081baba34b24499ac"
  integrity sha512-8Y75pvTYkLJW2hWQHXxoqRgV7qb9B+9vFEtidML+7koHUFapnVJAZ6cKs+Qjz5Aw3aZWHMC6u0wJE3At+nSGwA==

vue-demi@*:
  version "0.13.11"
  resolved "https://registry.yarnpkg.com/vue-demi/-/vue-demi-0.13.11.tgz#7d90369bdae8974d87b1973564ad390182410d99"
  integrity sha512-IR8HoEEGM65YY3ZJYAjMlKygDQn25D5ajNFNoKh9RSDMQtlzCxtfQjdQgv9jjK+m3377SsJXY8ysq8kLCZL25A==

vue@^3.2.47:
  version "3.2.47"
  resolved "https://registry.yarnpkg.com/vue/-/vue-3.2.47.tgz#3eb736cbc606fc87038dbba6a154707c8a34cff0"
  integrity sha512-60188y/9Dc9WVrAZeUVSDxRQOZ+z+y5nO2ts9jWXSTkMvayiWxCWOWtBQoYjLeccfXkiiPZWAHcV+WTPhkqJHQ==
  dependencies:
    "@vue/compiler-dom" "3.2.47"
    "@vue/compiler-sfc" "3.2.47"
    "@vue/runtime-dom" "3.2.47"
    "@vue/server-renderer" "3.2.47"
    "@vue/shared" "3.2.47"

w3c-keyname@^2.2.0:
  version "2.2.6"
  resolved "https://registry.yarnpkg.com/w3c-keyname/-/w3c-keyname-2.2.6.tgz#8412046116bc16c5d73d4e612053ea10a189c85f"
  integrity sha512-f+fciywl1SJEniZHD6H+kUO8gOnwIr7f4ijKA6+ZvJFjeGi1r4PDLl53Ayud9O/rk64RqgoQine0feoeOU0kXg==
